
Microsoft Visual Studio Solution File, Format Version 12.00
# Visual Studio Version 16
VisualStudioVersion = 16.0.30114.105
MinimumVisualStudioVersion = 10.0.40219.1
Project("{FAE04EC0-301F-11D3-BF4B-00C04F79EFBC}") = "ProEventos.Api", "ProEventos.Api\ProEventos.Api.csproj", "{4CAB383B-ED22-4E74-9190-77907FDC2047}"
EndProject
Project("{FAE04EC0-301F-11D3-BF4B-00C04F79EFBC}") = "ProEventos.Application", "ProEventos.Application\ProEventos.Application.csproj", "{65151E21-E9FE-43A4-A9B8-07C903C9C8C5}"
EndProject
Project("{FAE04EC0-301F-11D3-BF4B-00C04F79EFBC}") = "ProEventos.Domain", "ProEventos.Domain\ProEventos.Domain.csproj", "{081D26F5-6031-492E-A7FC-EFE47A5AC49E}"
EndProject
Project("{FAE04EC0-301F-11D3-BF4B-00C04F79EFBC}") = "ProEventos.Persistence", "ProEventos.Persistence\ProEventos.Persistence.csproj", "{A7ADDA21-2265-4908-BAE3-CCC9DD345B1E}"
EndProject
Project("{FAE04EC0-301F-11D3-BF4B-00C04F79EFBC}") = "ProEventos.Services", "ProEventos.Services\ProEventos.Services.csproj", "{DDA8A4AD-64B5-4EA1-8227-A5683D806940}"
EndProject
Global
	GlobalSection(SolutionConfigurationPlatforms) = preSolution
		Debug|Any CPU = Debug|Any CPU
		Debug|x64 = Debug|x64
		Debug|x86 = Debug|x86
		Release|Any CPU = Release|Any CPU
		Release|x64 = Release|x64
		Release|x86 = Release|x86
	EndGlobalSection
	GlobalSection(SolutionProperties) = preSolution
		HideSolutionNode = FALSE
	EndGlobalSection
	GlobalSection(ProjectConfigurationPlatforms) = postSolution
		{4CAB383B-ED22-4E74-9190-77907FDC2047}.Debug|Any CPU.ActiveCfg = Debug|Any CPU
		{4CAB383B-ED22-4E74-9190-77907FDC2047}.Debug|Any CPU.Build.0 = Debug|Any CPU
		{4CAB383B-ED22-4E74-9190-77907FDC2047}.Debug|x64.ActiveCfg = Debug|Any CPU
		{4CAB383B-ED22-4E74-9190-77907FDC2047}.Debug|x64.Build.0 = Debug|Any CPU
		{4CAB383B-ED22-4E74-9190-77907FDC2047}.Debug|x86.ActiveCfg = Debug|Any CPU
		{4CAB383B-ED22-4E74-9190-77907FDC2047}.Debug|x86.Build.0 = Debug|Any CPU
		{4CAB383B-ED22-4E74-9190-77907FDC2047}.Release|Any CPU.ActiveCfg = Release|Any CPU
		{4CAB383B-ED22-4E74-9190-77907FDC2047}.Release|Any CPU.Build.0 = Release|Any CPU
		{4CAB383B-ED22-4E74-9190-77907FDC2047}.Release|x64.ActiveCfg = Release|Any CPU
		{4CAB383B-ED22-4E74-9190-77907FDC2047}.Release|x64.Build.0 = Release|Any CPU
		{4CAB383B-ED22-4E74-9190-77907FDC2047}.Release|x86.ActiveCfg = Release|Any CPU
		{4CAB383B-ED22-4E74-9190-77907FDC2047}.Release|x86.Build.0 = Release|Any CPU
		{65151E21-E9FE-43A4-A9B8-07C903C9C8C5}.Debug|Any CPU.ActiveCfg = Debug|Any CPU
		{65151E21-E9FE-43A4-A9B8-07C903C9C8C5}.Debug|Any CPU.Build.0 = Debug|Any CPU
		{65151E21-E9FE-43A4-A9B8-07C903C9C8C5}.Debug|x64.ActiveCfg = Debug|Any CPU
		{65151E21-E9FE-43A4-A9B8-07C903C9C8C5}.Debug|x64.Build.0 = Debug|Any CPU
		{65151E21-E9FE-43A4-A9B8-07C903C9C8C5}.Debug|x86.ActiveCfg = Debug|Any CPU
		{65151E21-E9FE-43A4-A9B8-07C903C9C8C5}.Debug|x86.Build.0 = Debug|Any CPU
		{65151E21-E9FE-43A4-A9B8-07C903C9C8C5}.Release|Any CPU.ActiveCfg = Release|Any CPU
		{65151E21-E9FE-43A4-A9B8-07C903C9C8C5}.Release|Any CPU.Build.0 = Release|Any CPU
		{65151E21-E9FE-43A4-A9B8-07C903C9C8C5}.Release|x64.ActiveCfg = Release|Any CPU
		{65151E21-E9FE-43A4-A9B8-07C903C9C8C5}.Release|x64.Build.0 = Release|Any CPU
		{65151E21-E9FE-43A4-A9B8-07C903C9C8C5}.Release|x86.ActiveCfg = Release|Any CPU
		{65151E21-E9FE-43A4-A9B8-07C903C9C8C5}.Release|x86.Build.0 = Release|Any CPU
		{081D26F5-6031-492E-A7FC-EFE47A5AC49E}.Debug|Any CPU.ActiveCfg = Debug|Any CPU
		{081D26F5-6031-492E-A7FC-EFE47A5AC49E}.Debug|Any CPU.Build.0 = Debug|Any CPU
		{081D26F5-6031-492E-A7FC-EFE47A5AC49E}.Debug|x64.ActiveCfg = Debug|Any CPU
		{081D26F5-6031-492E-A7FC-EFE47A5AC49E}.Debug|x64.Build.0 = Debug|Any CPU
		{081D26F5-6031-492E-A7FC-EFE47A5AC49E}.Debug|x86.ActiveCfg = Debug|Any CPU
		{081D26F5-6031-492E-A7FC-EFE47A5AC49E}.Debug|x86.Build.0 = Debug|Any CPU
		{081D26F5-6031-492E-A7FC-EFE47A5AC49E}.Release|Any CPU.ActiveCfg = Release|Any CPU
		{081D26F5-6031-492E-A7FC-EFE47A5AC49E}.Release|Any CPU.Build.0 = Release|Any CPU
		{081D26F5-6031-492E-A7FC-EFE47A5AC49E}.Release|x64.ActiveCfg = Release|Any CPU
		{081D26F5-6031-492E-A7FC-EFE47A5AC49E}.Release|x64.Build.0 = Release|Any CPU
		{081D26F5-6031-492E-A7FC-EFE47A5AC49E}.Release|x86.ActiveCfg = Release|Any CPU
		{081D26F5-6031-492E-A7FC-EFE47A5AC49E}.Release|x86.Build.0 = Release|Any CPU
		{A7ADDA21-2265-4908-BAE3-CCC9DD345B1E}.Debug|Any CPU.ActiveCfg = Debug|Any CPU
		{A7ADDA21-2265-4908-BAE3-CCC9DD345B1E}.Debug|Any CPU.Build.0 = Debug|Any CPU
		{A7ADDA21-2265-4908-BAE3-CCC9DD345B1E}.Debug|x64.ActiveCfg = Debug|Any CPU
		{A7ADDA21-2265-4908-BAE3-CCC9DD345B1E}.Debug|x64.Build.0 = Debug|Any CPU
		{A7ADDA21-2265-4908-BAE3-CCC9DD345B1E}.Debug|x86.ActiveCfg = Debug|Any CPU
		{A7ADDA21-2265-4908-BAE3-CCC9DD345B1E}.Debug|x86.Build.0 = Debug|Any CPU
		{A7ADDA21-2265-4908-BAE3-CCC9DD345B1E}.Release|Any CPU.ActiveCfg = Release|Any CPU
		{A7ADDA21-2265-4908-BAE3-CCC9DD345B1E}.Release|Any CPU.Build.0 = Release|Any CPU
		{A7ADDA21-2265-4908-BAE3-CCC9DD345B1E}.Release|x64.ActiveCfg = Release|Any CPU
		{A7ADDA21-2265-4908-BAE3-CCC9DD345B1E}.Release|x64.Build.0 = Release|Any CPU
		{A7ADDA21-2265-4908-BAE3-CCC9DD345B1E}.Release|x86.ActiveCfg = Release|Any CPU
		{A7ADDA21-2265-4908-BAE3-CCC9DD345B1E}.Release|x86.Build.0 = Release|Any CPU
		{DDA8A4AD-64B5-4EA1-8227-A5683D806940}.Debug|Any CPU.ActiveCfg = Debug|Any CPU
		{DDA8A4AD-64B5-4EA1-8227-A5683D806940}.Debug|Any CPU.Build.0 = Debug|Any CPU
		{DDA8A4AD-64B5-4EA1-8227-A5683D806940}.Debug|x64.ActiveCfg = Debug|Any CPU
		{DDA8A4AD-64B5-4EA1-8227-A5683D806940}.Debug|x64.Build.0 = Debug|Any CPU
		{DDA8A4AD-64B5-4EA1-8227-A5683D806940}.Debug|x86.ActiveCfg = Debug|Any CPU
		{DDA8A4AD-64B5-4EA1-8227-A5683D806940}.Debug|x86.Build.0 = Debug|Any CPU
		{DDA8A4AD-64B5-4EA1-8227-A5683D806940}.Release|Any CPU.ActiveCfg = Release|Any CPU
		{DDA8A4AD-64B5-4EA1-8227-A5683D806940}.Release|Any CPU.Build.0 = Release|Any CPU
		{DDA8A4AD-64B5-4EA1-8227-A5683D806940}.Release|x64.ActiveCfg = Release|Any CPU
		{DDA8A4AD-64B5-4EA1-8227-A5683D806940}.Release|x64.Build.0 = Release|Any CPU
		{DDA8A4AD-64B5-4EA1-8227-A5683D806940}.Release|x86.ActiveCfg = Release|Any CPU
		{DDA8A4AD-64B5-4EA1-8227-A5683D806940}.Release|x86.Build.0 = Release|Any CPU
	EndGlobalSection
EndGlobal
